
Microsoft Visual Studio Solution File, Format Version 12.00
# Visual Studio Version 17
VisualStudioVersion = 17.7.34031.279
MinimumVisualStudioVersion = 10.0.40219.1
Project("{FAE04EC0-301F-11D3-BF4B-00C04F79EFBC}") = "FinShark", "FinShark\FinShark.csproj", "{BC32EBBE-D5E5-4F38-80C0-FE43F8C2B6F7}"
EndProject
Global
	GlobalSection(SolutionConfigurationPlatforms) = preSolution
		Debug|Any CPU = Debug|Any CPU
		Release|Any CPU = Release|Any CPU
	EndGlobalSection
	GlobalSection(ProjectConfigurationPlatforms) = postSolution
		{BC32EBBE-D5E5-4F38-80C0-FE43F8C2B6F7}.Debug|Any CPU.ActiveCfg = Debug|Any CPU
		{BC32EBBE-D5E5-4F38-80C0-FE43F8C2B6F7}.Debug|Any CPU.Build.0 = Debug|Any CPU
		{BC32EBBE-D5E5-4F38-80C0-FE43F8C2B6F7}.Release|Any CPU.ActiveCfg = Release|Any CPU
		{BC32EBBE-D5E5-4F38-80C0-FE43F8C2B6F7}.Release|Any CPU.Build.0 = Release|Any CPU
	EndGlobalSection
	GlobalSection(SolutionProperties) = preSolution
		HideSolutionNode = FALSE
	EndGlobalSection
	GlobalSection(ExtensibilityGlobals) = postSolution
		SolutionGuid = {C40CCE8F-133E-4DB5-9FFD-496B3232D39D}
	EndGlobalSection
EndGlobal
